
Microsoft Visual Studio Solution File, Format Version 12.00
# Visual Studio Version 17
VisualStudioVersion = 17.6.33801.468
MinimumVisualStudioVersion = 10.0.40219.1
Project("{FAE04EC0-301F-11D3-BF4B-00C04F79EFBC}") = "firstApi", "firstApi\firstApi.csproj", "{8E74B9A5-9F7D-48F8-991A-82081425FE87}"
EndProject
Global
	GlobalSection(SolutionConfigurationPlatforms) = preSolution
		Debug|Any CPU = Debug|Any CPU
		Release|Any CPU = Release|Any CPU
	EndGlobalSection
	GlobalSection(ProjectConfigurationPlatforms) = postSolution
		{8E74B9A5-9F7D-48F8-991A-82081425FE87}.Debug|Any CPU.ActiveCfg = Debug|Any CPU
		{8E74B9A5-9F7D-48F8-991A-82081425FE87}.Debug|Any CPU.Build.0 = Debug|Any CPU
		{8E74B9A5-9F7D-48F8-991A-82081425FE87}.Release|Any CPU.ActiveCfg = Release|Any CPU
		{8E74B9A5-9F7D-48F8-991A-82081425FE87}.Release|Any CPU.Build.0 = Release|Any CPU
	EndGlobalSection
	GlobalSection(SolutionProperties) = preSolution
		HideSolutionNode = FALSE
	EndGlobalSection
	GlobalSection(ExtensibilityGlobals) = postSolution
		SolutionGuid = {8DE7E08E-C27A-4E2C-A357-690199F73B62}
	EndGlobalSection
EndGlobal
